<?xml version="1.0" encoding="utf-8"?>
<Project ToolsVersion="4.0" xmlns="http://schemas.microsoft.com/developer/msbuild/2003">
  <ItemGroup>
    <ClCompile Include="main.cpp" />
    <ClCompile Include="stdafx.cpp" />
    <ClCompile Include="Debug.cpp">
      <Filter>Engine\Core</Filter>
    </ClCompile>
    <ClCompile Include="Application.cpp">
      <Filter>Engine\App</Filter>
    </ClCompile>
    <ClCompile Include="Timer.cpp">
      <Filter>Engine\Core</Filter>
    </ClCompile>
  </ItemGroup>
  <ItemGroup>
    <ClInclude Include="stdafx.h" />
    <ClInclude Include="Debug.h">
      <Filter>Engine\Core</Filter>
    </ClInclude>
    <ClInclude Include="Application.h">
      <Filter>Engine\App</Filter>
    </ClInclude>
    <ClInclude Include="Timer.h">
      <Filter>Engine\Core</Filter>
    </ClInclude>
  </ItemGroup>
  <ItemGroup>
    <Filter Include="Engine">
      <UniqueIdentifier>{636a48cc-e98d-443d-a6a2-e4ce20780027}</UniqueIdentifier>
    </Filter>
    <Filter Include="GameLogic">
      <UniqueIdentifier>{59886e93-5e9f-44c6-9bbb-53ff9ff5be82}</UniqueIdentifier>
    </Filter>
    <Filter Include="Engine\Core">
      <UniqueIdentifier>{b745fcdc-832b-46ac-acb4-975f0149588c}</UniqueIdentifier>
    </Filter>
    <Filter Include="Engine\App">
      <UniqueIdentifier>{a67e6d83-cfd6-4ffd-a390-f092da3ad5e7}</UniqueIdentifier>
    </Filter>
  </ItemGroup>
</Project>