<?xml version="1.0" encoding="utf-8"?>
<Project ToolsVersion="4.0" xmlns="http://schemas.microsoft.com/developer/msbuild/2003">
  <ItemGroup>
    <ClCompile Include="main.cpp" />
    <ClCompile Include="stdafx.cpp" />
    <ClCompile Include="Debug.cpp">
      <Filter>Engine\Core</Filter>
    </ClCompile>
    <ClCompile Include="Application.cpp">
      <Filter>Engine\App</Filter>
    </ClCompile>
    <ClCompile Include="Timer.cpp">
      <Filter>Engine\Core</Filter>
    </ClCompile>
    <ClCompile Include="Game.cpp">
      <Filter>GameLogic\GameApp</Filter>
    </ClCompile>
    <ClCompile Include="VKRenderer.cpp">
      <Filter>Engine\Render\VK</Filter>
    </ClCompile>
    <ClCompile Include="FPSLimiter.cpp">
      <Filter>Engine\Utility</Filter>
    </ClCompile>
    <ClCompile Include="Window.cpp">
      <Filter>Engine\App</Filter>
    </ClCompile>
    <ClCompile Include="TextureCache.cpp">
      <Filter>Engine\Resource</Filter>
    </ClCompile>
    <ClCompile Include="ImageLoader.cpp">
      <Filter>Engine\Resource</Filter>
    </ClCompile>
    <ClCompile Include="AudioEngine.cpp">
      <Filter>Engine\Audio</Filter>
    </ClCompile>
    <ClCompile Include="FontCache.cpp">
      <Filter>Engine\Resource</Filter>
    </ClCompile>
    <ClCompile Include="ResourceManager.cpp">
      <Filter>Engine\Resource</Filter>
    </ClCompile>
    <ClCompile Include="EventHandler.cpp">
      <Filter>Engine\App</Filter>
    </ClCompile>
    <ClCompile Include="ScreenManager.cpp">
      <Filter>Engine\GameScreen</Filter>
    </ClCompile>
    <ClCompile Include="GameScreen.cpp">
      <Filter>GameLogic\GameScreen</Filter>
    </ClCompile>
    <ClCompile Include="IOManager.cpp">
      <Filter>Engine\IO</Filter>
    </ClCompile>
    <ClCompile Include="MainMenuScreen.cpp">
      <Filter>GameLogic\GameScreen</Filter>
    </ClCompile>
    <ClCompile Include="Tile.cpp">
      <Filter>Framework</Filter>
    </ClCompile>
    <ClCompile Include="GameRenderer.cpp">
      <Filter>Framework</Filter>
    </ClCompile>
    <ClCompile Include="Shape.cpp">
      <Filter>Framework</Filter>
    </ClCompile>
    <ClCompile Include="Entity.cpp">
      <Filter>Framework</Filter>
    </ClCompile>
    <ClCompile Include="Level.cpp">
      <Filter>Framework</Filter>
    </ClCompile>
    <ClCompile Include="Camera2D.cpp">
      <Filter>Engine\Render</Filter>
    </ClCompile>
    <ClCompile Include="DebugRenderer.cpp">
      <Filter>Engine\Render</Filter>
    </ClCompile>
    <ClCompile Include="GLSLProgram.cpp">
      <Filter>Engine\Render</Filter>
    </ClCompile>
    <ClCompile Include="Sprite.cpp">
      <Filter>Engine\Render</Filter>
    </ClCompile>
    <ClCompile Include="SpriteBatch.cpp">
      <Filter>Engine\Render</Filter>
    </ClCompile>
    <ClCompile Include="SpriteFont.cpp">
      <Filter>Engine\Render</Filter>
    </ClCompile>
  </ItemGroup>
  <ItemGroup>
    <ClInclude Include="stdafx.h" />
    <ClInclude Include="Debug.h">
      <Filter>Engine\Core</Filter>
    </ClInclude>
    <ClInclude Include="Application.h">
      <Filter>Engine\App</Filter>
    </ClInclude>
    <ClInclude Include="Timer.h">
      <Filter>Engine\Core</Filter>
    </ClInclude>
    <ClInclude Include="IGame.h">
      <Filter>Engine\App</Filter>
    </ClInclude>
    <ClInclude Include="Game.h">
      <Filter>GameLogic\GameApp</Filter>
    </ClInclude>
    <ClInclude Include="ApplicationConfig.h">
      <Filter>Engine\App</Filter>
    </ClInclude>
    <ClInclude Include="VKRenderer.h">
      <Filter>Engine\Render\VK</Filter>
    </ClInclude>
    <ClInclude Include="BuildOptions.h">
      <Filter>Engine\Core</Filter>
    </ClInclude>
    <ClInclude Include="FPSLimiter.h">
      <Filter>Engine\Utility</Filter>
    </ClInclude>
    <ClInclude Include="Window.h">
      <Filter>Engine\App</Filter>
    </ClInclude>
    <ClInclude Include="TextureCache.h">
      <Filter>Engine\Resource</Filter>
    </ClInclude>
    <ClInclude Include="ImageLoader.h">
      <Filter>Engine\Resource</Filter>
    </ClInclude>
    <ClInclude Include="AudioEngine.h">
      <Filter>Engine\Audio</Filter>
    </ClInclude>
    <ClInclude Include="FontCache.h">
      <Filter>Engine\Resource</Filter>
    </ClInclude>
    <ClInclude Include="ResourceManager.h">
      <Filter>Engine\Resource</Filter>
    </ClInclude>
    <ClInclude Include="EventHandler.h">
      <Filter>Engine\App</Filter>
    </ClInclude>
    <ClInclude Include="ScreenManager.h">
      <Filter>Engine\GameScreen</Filter>
    </ClInclude>
    <ClInclude Include="IGameScreen.h">
      <Filter>Engine\GameScreen</Filter>
    </ClInclude>
    <ClInclude Include="GameScreen.h">
      <Filter>GameLogic\GameScreen</Filter>
    </ClInclude>
    <ClInclude Include="IOManager.h">
      <Filter>Engine\IO</Filter>
    </ClInclude>
    <ClInclude Include="EventConfig.h">
      <Filter>GameLogic\GameApp</Filter>
    </ClInclude>
    <ClInclude Include="MainMenuScreen.h">
      <Filter>GameLogic\GameScreen</Filter>
    </ClInclude>
    <ClInclude Include="Tile.h">
      <Filter>Framework</Filter>
    </ClInclude>
    <ClInclude Include="GameRenderer.h">
      <Filter>Framework</Filter>
    </ClInclude>
    <ClInclude Include="Shape.h">
      <Filter>Framework</Filter>
    </ClInclude>
    <ClInclude Include="Entity.h">
      <Filter>Framework</Filter>
    </ClInclude>
    <ClInclude Include="Level.h">
      <Filter>Framework</Filter>
    </ClInclude>
    <ClInclude Include="Camera2D.h">
      <Filter>Engine\Render</Filter>
    </ClInclude>
    <ClInclude Include="DebugRenderer.h">
      <Filter>Engine\Render</Filter>
    </ClInclude>
    <ClInclude Include="GLSLProgram.h">
      <Filter>Engine\Render</Filter>
    </ClInclude>
    <ClInclude Include="Texture.h">
      <Filter>Engine\Render</Filter>
    </ClInclude>
    <ClInclude Include="Renderer.h">
      <Filter>Engine\Render</Filter>
    </ClInclude>
    <ClInclude Include="Sprite.h">
      <Filter>Engine\Render</Filter>
    </ClInclude>
    <ClInclude Include="SpriteBatch.h">
      <Filter>Engine\Render</Filter>
    </ClInclude>
    <ClInclude Include="SpriteFont.h">
      <Filter>Engine\Render</Filter>
    </ClInclude>
    <ClInclude Include="TileSheet.h">
      <Filter>Engine\Render</Filter>
    </ClInclude>
    <ClInclude Include="Vertex.h">
      <Filter>Engine\Render</Filter>
    </ClInclude>
  </ItemGroup>
  <ItemGroup>
    <Filter Include="Engine">
      <UniqueIdentifier>{636a48cc-e98d-443d-a6a2-e4ce20780027}</UniqueIdentifier>
    </Filter>
    <Filter Include="GameLogic">
      <UniqueIdentifier>{59886e93-5e9f-44c6-9bbb-53ff9ff5be82}</UniqueIdentifier>
    </Filter>
    <Filter Include="GameLogic\GameApp">
      <UniqueIdentifier>{dc7fd6fe-b52d-4ec4-bcf5-c66e7bd9f9ab}</UniqueIdentifier>
    </Filter>
    <Filter Include="GameLogic\GameScreen">
      <UniqueIdentifier>{4eb6ad80-fa4f-444d-84a0-c97f49e9a5c5}</UniqueIdentifier>
    </Filter>
    <Filter Include="Framework">
      <UniqueIdentifier>{08383fd2-aaf9-46b7-9f9e-e5bfb0d3aff4}</UniqueIdentifier>
    </Filter>
    <Filter Include="Engine\Audio">
      <UniqueIdentifier>{04df6b66-3b0e-4b1c-842d-e92ebf70f418}</UniqueIdentifier>
    </Filter>
    <Filter Include="Engine\Render">
      <UniqueIdentifier>{b987ed62-a995-4b95-adf7-afdb9544f22c}</UniqueIdentifier>
    </Filter>
    <Filter Include="Engine\GameScreen">
      <UniqueIdentifier>{c873b589-56e5-4d94-8ae6-6b0a9ae8df8e}</UniqueIdentifier>
    </Filter>
    <Filter Include="Engine\App">
      <UniqueIdentifier>{a67e6d83-cfd6-4ffd-a390-f092da3ad5e7}</UniqueIdentifier>
    </Filter>
    <Filter Include="Engine\Core">
      <UniqueIdentifier>{b745fcdc-832b-46ac-acb4-975f0149588c}</UniqueIdentifier>
    </Filter>
    <Filter Include="Engine\GUI">
      <UniqueIdentifier>{e78b04c6-1011-4aba-ab92-b69ec0efe2ca}</UniqueIdentifier>
    </Filter>
    <Filter Include="Engine\IO">
      <UniqueIdentifier>{6c63864d-1018-4ad4-8c07-4c91317c4642}</UniqueIdentifier>
    </Filter>
    <Filter Include="Engine\Resource">
      <UniqueIdentifier>{cb54bec0-ff6a-4bec-9981-0995afd99057}</UniqueIdentifier>
    </Filter>
    <Filter Include="Engine\Utility">
      <UniqueIdentifier>{ff039be2-3342-40d6-9cfd-3c1bc2bec1b4}</UniqueIdentifier>
    </Filter>
    <Filter Include="Engine\Render\GL">
      <UniqueIdentifier>{7f144e71-fc0d-40e2-b80a-cd27d1551917}</UniqueIdentifier>
    </Filter>
    <Filter Include="Engine\Render\VK">
      <UniqueIdentifier>{c8739449-da81-43f8-b491-43a62a89151b}</UniqueIdentifier>
    </Filter>
  </ItemGroup>
</Project>