<?xml version="1.0" encoding="utf-8"?>
<Project ToolsVersion="4.0" xmlns="http://schemas.microsoft.com/developer/msbuild/2003">
  <ItemGroup>
    <ClCompile Include="Timer.cpp">
      <Filter>Engine\Core</Filter>
    </ClCompile>
    <ClCompile Include="FPSLimiter.cpp">
      <Filter>Engine\Utility</Filter>
    </ClCompile>
    <ClCompile Include="TextureCache.cpp">
      <Filter>Engine\Resource</Filter>
    </ClCompile>
    <ClCompile Include="FontCache.cpp">
      <Filter>Engine\Resource</Filter>
    </ClCompile>
    <ClCompile Include="ResourceManager.cpp">
      <Filter>Engine\Resource</Filter>
    </ClCompile>
    <ClCompile Include="IOManager.cpp">
      <Filter>Engine\IO</Filter>
    </ClCompile>
    <ClCompile Include="pugixml.cpp">
      <Filter>3rdparty</Filter>
    </ClCompile>
    <ClCompile Include="main.cpp" />
    <ClCompile Include="Application.cpp">
      <Filter>Engine\App</Filter>
    </ClCompile>
    <ClCompile Include="Window.cpp">
      <Filter>Engine\App</Filter>
    </ClCompile>
    <ClCompile Include="glad.cpp">
      <Filter>3rdparty</Filter>
    </ClCompile>
    <ClCompile Include="SpriteBatch.cpp">
      <Filter>Engine\Graphics</Filter>
    </ClCompile>
    <ClCompile Include="SpriteFont.cpp">
      <Filter>Engine\Graphics</Filter>
    </ClCompile>
    <ClCompile Include="IGameApp.cpp">
      <Filter>Engine\App</Filter>
    </ClCompile>
    <ClCompile Include="GameViewManager.cpp">
      <Filter>Engine\App\AppView</Filter>
    </ClCompile>
    <ClCompile Include="Camera2D.cpp">
      <Filter>Engine\Graphics</Filter>
    </ClCompile>
    <ClCompile Include="DebugRenderer.cpp">
      <Filter>Engine\Graphics</Filter>
    </ClCompile>
    <ClCompile Include="GLSLProgram.cpp">
      <Filter>Engine\Graphics</Filter>
    </ClCompile>
    <ClCompile Include="Sprite.cpp">
      <Filter>Engine\Graphics\old</Filter>
    </ClCompile>
    <ClCompile Include="IParticleBatch2D.cpp">
      <Filter>Engine\Graphics\old</Filter>
    </ClCompile>
    <ClCompile Include="ParticleBatch2D.cpp">
      <Filter>Engine\Graphics\old</Filter>
    </ClCompile>
    <ClCompile Include="FontParticleBatch2D.cpp">
      <Filter>Engine\Graphics\old</Filter>
    </ClCompile>
    <ClCompile Include="Particle2DEngine.cpp">
      <Filter>Engine\Graphics\old</Filter>
    </ClCompile>
    <ClCompile Include="Tile.cpp">
      <Filter>Engine\Graphics\old</Filter>
    </ClCompile>
    <ClCompile Include="stdafx.cpp" />
    <ClCompile Include="TestView.cpp">
      <Filter>View</Filter>
    </ClCompile>
    <ClCompile Include="Items.cpp">
      <Filter>OLDGameLogic</Filter>
    </ClCompile>
    <ClCompile Include="Player.cpp">
      <Filter>OLDGameLogic</Filter>
    </ClCompile>
    <ClCompile Include="AudioSystem.cpp">
      <Filter>Engine\Audio</Filter>
    </ClCompile>
    <ClCompile Include="InputSystem.cpp">
      <Filter>Engine\App</Filter>
    </ClCompile>
    <ClCompile Include="Level.cpp">
      <Filter>OLDGameLogic</Filter>
    </ClCompile>
    <ClCompile Include="Monster.cpp">
      <Filter>OLDGameLogic</Filter>
    </ClCompile>
    <ClCompile Include="OLDGameView.cpp">
      <Filter>View</Filter>
    </ClCompile>
    <ClCompile Include="GameView.cpp">
      <Filter>View</Filter>
    </ClCompile>
    <ClCompile Include="Game.cpp" />
    <ClCompile Include="Texture.cpp">
      <Filter>Engine\Resource</Filter>
    </ClCompile>
  </ItemGroup>
  <ItemGroup>
    <ClInclude Include="Debug.h">
      <Filter>Engine\Core</Filter>
    </ClInclude>
    <ClInclude Include="Timer.h">
      <Filter>Engine\Core</Filter>
    </ClInclude>
    <ClInclude Include="BuildOptions.h">
      <Filter>Engine\Core</Filter>
    </ClInclude>
    <ClInclude Include="FPSLimiter.h">
      <Filter>Engine\Utility</Filter>
    </ClInclude>
    <ClInclude Include="TextureCache.h">
      <Filter>Engine\Resource</Filter>
    </ClInclude>
    <ClInclude Include="FontCache.h">
      <Filter>Engine\Resource</Filter>
    </ClInclude>
    <ClInclude Include="ResourceManager.h">
      <Filter>Engine\Resource</Filter>
    </ClInclude>
    <ClInclude Include="IOManager.h">
      <Filter>Engine\IO</Filter>
    </ClInclude>
    <ClInclude Include="ApplicationConfig.h">
      <Filter>Engine\App</Filter>
    </ClInclude>
    <ClInclude Include="Application.h">
      <Filter>Engine\App</Filter>
    </ClInclude>
    <ClInclude Include="Window.h">
      <Filter>Engine\App</Filter>
    </ClInclude>
    <ClInclude Include="Vertex.h">
      <Filter>Engine\Graphics</Filter>
    </ClInclude>
    <ClInclude Include="SpriteBatch.h">
      <Filter>Engine\Graphics</Filter>
    </ClInclude>
    <ClInclude Include="SpriteFont.h">
      <Filter>Engine\Graphics</Filter>
    </ClInclude>
    <ClInclude Include="IGameView.h">
      <Filter>Engine\App\AppView</Filter>
    </ClInclude>
    <ClInclude Include="IGameApp.h">
      <Filter>Engine\App</Filter>
    </ClInclude>
    <ClInclude Include="GameViewManager.h">
      <Filter>Engine\App\AppView</Filter>
    </ClInclude>
    <ClInclude Include="Camera2D.h">
      <Filter>Engine\Graphics</Filter>
    </ClInclude>
    <ClInclude Include="DebugRenderer.h">
      <Filter>Engine\Graphics</Filter>
    </ClInclude>
    <ClInclude Include="GLSLProgram.h">
      <Filter>Engine\Graphics</Filter>
    </ClInclude>
    <ClInclude Include="TileSheet.h">
      <Filter>Engine\Graphics</Filter>
    </ClInclude>
    <ClInclude Include="Sprite.h">
      <Filter>Engine\Graphics\old</Filter>
    </ClInclude>
    <ClInclude Include="IParticleBatch2D.h">
      <Filter>Engine\Graphics\old</Filter>
    </ClInclude>
    <ClInclude Include="ParticleBatch2D.h">
      <Filter>Engine\Graphics\old</Filter>
    </ClInclude>
    <ClInclude Include="FontParticleBatch2D.h">
      <Filter>Engine\Graphics\old</Filter>
    </ClInclude>
    <ClInclude Include="Particle2DEngine.h">
      <Filter>Engine\Graphics\old</Filter>
    </ClInclude>
    <ClInclude Include="Tile.h">
      <Filter>Engine\Graphics\old</Filter>
    </ClInclude>
    <ClInclude Include="stdafx.h" />
    <ClInclude Include="TestView.h">
      <Filter>View</Filter>
    </ClInclude>
    <ClInclude Include="DefineLogic.h">
      <Filter>OLDGameLogic</Filter>
    </ClInclude>
    <ClInclude Include="Items.h">
      <Filter>OLDGameLogic</Filter>
    </ClInclude>
    <ClInclude Include="Player.h">
      <Filter>OLDGameLogic</Filter>
    </ClInclude>
    <ClInclude Include="AudioSystem.h">
      <Filter>Engine\Audio</Filter>
    </ClInclude>
    <ClInclude Include="InputSystem.h">
      <Filter>Engine\App</Filter>
    </ClInclude>
    <ClInclude Include="Level.h">
      <Filter>OLDGameLogic</Filter>
    </ClInclude>
    <ClInclude Include="Monster.h">
      <Filter>OLDGameLogic</Filter>
    </ClInclude>
    <ClInclude Include="OLDGameView.h">
      <Filter>View</Filter>
    </ClInclude>
    <ClInclude Include="GameView.h">
      <Filter>View</Filter>
    </ClInclude>
    <ClInclude Include="Game.h" />
    <ClInclude Include="Texture.h">
      <Filter>Engine\Resource</Filter>
    </ClInclude>
  </ItemGroup>
  <ItemGroup>
    <Filter Include="3rdparty">
      <UniqueIdentifier>{223ef8ae-c599-4882-9869-3f87ba7288b0}</UniqueIdentifier>
    </Filter>
    <Filter Include="Engine">
      <UniqueIdentifier>{e954cf7f-049e-4ed9-b022-780b84014fb5}</UniqueIdentifier>
    </Filter>
    <Filter Include="Engine\App">
      <UniqueIdentifier>{a601d18f-4692-46b4-b31a-00dd70e92ef3}</UniqueIdentifier>
    </Filter>
    <Filter Include="Engine\Utility">
      <UniqueIdentifier>{ff039be2-3342-40d6-9cfd-3c1bc2bec1b4}</UniqueIdentifier>
    </Filter>
    <Filter Include="Engine\Audio">
      <UniqueIdentifier>{04df6b66-3b0e-4b1c-842d-e92ebf70f418}</UniqueIdentifier>
    </Filter>
    <Filter Include="Engine\Core">
      <UniqueIdentifier>{b745fcdc-832b-46ac-acb4-975f0149588c}</UniqueIdentifier>
    </Filter>
    <Filter Include="Engine\Resource">
      <UniqueIdentifier>{cb54bec0-ff6a-4bec-9981-0995afd99057}</UniqueIdentifier>
    </Filter>
    <Filter Include="Engine\Graphics">
      <UniqueIdentifier>{ffd2ef6e-8194-4bd7-8ac4-f146b2355746}</UniqueIdentifier>
    </Filter>
    <Filter Include="Engine\App\AppView">
      <UniqueIdentifier>{84fb2ccf-a5dc-4682-a3ff-7aaca1ad1efe}</UniqueIdentifier>
    </Filter>
    <Filter Include="Engine\IO">
      <UniqueIdentifier>{6c63864d-1018-4ad4-8c07-4c91317c4642}</UniqueIdentifier>
    </Filter>
    <Filter Include="Engine\Graphics\old">
      <UniqueIdentifier>{cfa61b9c-09e3-4179-8abb-ee8c400b9285}</UniqueIdentifier>
    </Filter>
    <Filter Include="OLDGameLogic">
      <UniqueIdentifier>{70694b97-0cff-4802-a553-5939d6614286}</UniqueIdentifier>
    </Filter>
    <Filter Include="View">
      <UniqueIdentifier>{22580868-f7d6-4a6d-b891-f9e3dbcf834a}</UniqueIdentifier>
    </Filter>
    <Filter Include="GameLogic">
      <UniqueIdentifier>{983bea30-5e3a-4d07-8c41-92bfd7845c48}</UniqueIdentifier>
    </Filter>
  </ItemGroup>
</Project>