
Microsoft Visual Studio Solution File, Format Version 12.00
# Visual Studio Version 16
VisualStudioVersion = 16.0.29709.97
MinimumVisualStudioVersion = 10.0.40219.1
Project("{8BC9CEB8-8B4A-11D0-8D11-00A0C91BC942}") = "game", "game\game.vcxproj", "{AF1E4036-1197-49A7-9108-022F2C5D8C94}"
EndProject
Project("{2150E333-8FDC-42A3-9474-1A3956D46DE8}") = "Solution Items", "Solution Items", "{22A725EC-0633-4E84-91B0-5B9AB714554D}"
	ProjectSection(SolutionItems) = preProject
		HISTORY.MD = HISTORY.MD
		OTHER.MD = OTHER.MD
	EndProjectSection
EndProject
Global
	GlobalSection(SolutionConfigurationPlatforms) = preSolution
		Debug|x64 = Debug|x64
		Debug|x86 = Debug|x86
		Release|x64 = Release|x64
		Release|x86 = Release|x86
	EndGlobalSection
	GlobalSection(ProjectConfigurationPlatforms) = postSolution
		{AF1E4036-1197-49A7-9108-022F2C5D8C94}.Debug|x64.ActiveCfg = Debug|x64
		{AF1E4036-1197-49A7-9108-022F2C5D8C94}.Debug|x64.Build.0 = Debug|x64
		{AF1E4036-1197-49A7-9108-022F2C5D8C94}.Debug|x86.ActiveCfg = Debug|Win32
		{AF1E4036-1197-49A7-9108-022F2C5D8C94}.Debug|x86.Build.0 = Debug|Win32
		{AF1E4036-1197-49A7-9108-022F2C5D8C94}.Release|x64.ActiveCfg = Release|x64
		{AF1E4036-1197-49A7-9108-022F2C5D8C94}.Release|x64.Build.0 = Release|x64
		{AF1E4036-1197-49A7-9108-022F2C5D8C94}.Release|x86.ActiveCfg = Release|Win32
		{AF1E4036-1197-49A7-9108-022F2C5D8C94}.Release|x86.Build.0 = Release|Win32
	EndGlobalSection
	GlobalSection(SolutionProperties) = preSolution
		HideSolutionNode = FALSE
	EndGlobalSection
	GlobalSection(ExtensibilityGlobals) = postSolution
		SolutionGuid = {0EDED3DF-6F78-4BE6-B6E4-E3B2DBF4D6CD}
	EndGlobalSection
EndGlobal
